Microsoft Visual Studio Solution File, Format Version 12.00
# Visual Studio 2012
Project("{FAE04EC0-301F-11D3-BF4B-00C04F79EFBC}") = "Acerola Jam 0", "Acerola Jam 0.csproj", "{9FAF60A3-7065-4E81-A01C-8C2366F69BCC}"
EndProject
Global
	GlobalSection(SolutionConfigurationPlatforms) = preSolution
	Debug|Any CPU = Debug|Any CPU
	ExportDebug|Any CPU = ExportDebug|Any CPU
	ExportRelease|Any CPU = ExportRelease|Any CPU
	EndGlobalSection
	GlobalSection(ProjectConfigurationPlatforms) = postSolution
		{9FAF60A3-7065-4E81-A01C-8C2366F69BCC}.Debug|Any CPU.ActiveCfg = Debug|Any CPU
		{9FAF60A3-7065-4E81-A01C-8C2366F69BCC}.Debug|Any CPU.Build.0 = Debug|Any CPU
		{9FAF60A3-7065-4E81-A01C-8C2366F69BCC}.ExportDebug|Any CPU.ActiveCfg = ExportDebug|Any CPU
		{9FAF60A3-7065-4E81-A01C-8C2366F69BCC}.ExportDebug|Any CPU.Build.0 = ExportDebug|Any CPU
		{9FAF60A3-7065-4E81-A01C-8C2366F69BCC}.ExportRelease|Any CPU.ActiveCfg = ExportRelease|Any CPU
		{9FAF60A3-7065-4E81-A01C-8C2366F69BCC}.ExportRelease|Any CPU.Build.0 = ExportRelease|Any CPU
	EndGlobalSection
EndGlobal
